
Microsoft Visual Studio Solution File, Format Version 12.00
# Visual Studio 15
VisualStudioVersion = 15.0.27130.2010
MinimumVisualStudioVersion = 10.0.40219.1
Project("{9A19103F-16F7-4668-BE54-9A1E7A4F7556}") = "CIPJS", "CIPJS\CIPJS.csproj", "{E21F8899-80AA-4257-B958-8D044B26CF06}"
EndProject
Project("{9A19103F-16F7-4668-BE54-9A1E7A4F7556}") = "CIPJS.DAL", "CIPJS.DAL\CIPJS.DAL.csproj", "{4B8710A1-4024-4C6E-87CD-F0734EE7F054}"
EndProject
Project("{2150E333-8FDC-42A3-9474-1A3956D46DE8}") = "Utils", "Utils", "{D1FD0EFD-2121-4101-A8CB-4EC8CAA5C014}"
EndProject
Project("{9A19103F-16F7-4668-BE54-9A1E7A4F7556}") = "GenerateObjectModel", "Utils\GenerateObjectModel\GenerateObjectModel.csproj", "{0E7E9ED7-37D5-4769-AE8D-E1CB5A76CD1E}"
EndProject
Project("{9A19103F-16F7-4668-BE54-9A1E7A4F7556}") = "DebugApplication", "Utils\DebugApplication\DebugApplication.csproj", "{129E1930-7589-4C82-86A6-5C4A20C209D7}"
EndProject
Project("{9A19103F-16F7-4668-BE54-9A1E7A4F7556}") = "InsureBuildingLoader", "Utils\InsureBuildingLoader\InsureBuildingLoader.csproj", "{E0FAB1D0-0A69-4FEA-BD74-C02D29AC1B61}"
EndProject
Project("{9A19103F-16F7-4668-BE54-9A1E7A4F7556}") = "CalculationDifferenceLogger", "CalculationDifferenceLogger\CalculationDifferenceLogger.csproj", "{7CF4CDB1-416F-4671-A699-1B0BDDF76AA9}"
EndProject
Global
	GlobalSection(SolutionConfigurationPlatforms) = preSolution
		Debug|Any CPU = Debug|Any CPU
		Debug|x86 = Debug|x86
		Release|Any CPU = Release|Any CPU
		Release|x86 = Release|x86
	EndGlobalSection
	GlobalSection(ProjectConfigurationPlatforms) = postSolution
		{E21F8899-80AA-4257-B958-8D044B26CF06}.Debug|Any CPU.ActiveCfg = Debug|Any CPU
		{E21F8899-80AA-4257-B958-8D044B26CF06}.Debug|Any CPU.Build.0 = Debug|Any CPU
		{E21F8899-80AA-4257-B958-8D044B26CF06}.Debug|x86.ActiveCfg = Debug|Any CPU
		{E21F8899-80AA-4257-B958-8D044B26CF06}.Debug|x86.Build.0 = Debug|Any CPU
		{E21F8899-80AA-4257-B958-8D044B26CF06}.Release|Any CPU.ActiveCfg = Release|Any CPU
		{E21F8899-80AA-4257-B958-8D044B26CF06}.Release|Any CPU.Build.0 = Release|Any CPU
		{E21F8899-80AA-4257-B958-8D044B26CF06}.Release|x86.ActiveCfg = Release|Any CPU
		{E21F8899-80AA-4257-B958-8D044B26CF06}.Release|x86.Build.0 = Release|Any CPU
		{4B8710A1-4024-4C6E-87CD-F0734EE7F054}.Debug|Any CPU.ActiveCfg = Debug|Any CPU
		{4B8710A1-4024-4C6E-87CD-F0734EE7F054}.Debug|Any CPU.Build.0 = Debug|Any CPU
		{4B8710A1-4024-4C6E-87CD-F0734EE7F054}.Debug|x86.ActiveCfg = Debug|Any CPU
		{4B8710A1-4024-4C6E-87CD-F0734EE7F054}.Debug|x86.Build.0 = Debug|Any CPU
		{4B8710A1-4024-4C6E-87CD-F0734EE7F054}.Release|Any CPU.ActiveCfg = Release|Any CPU
		{4B8710A1-4024-4C6E-87CD-F0734EE7F054}.Release|Any CPU.Build.0 = Release|Any CPU
		{4B8710A1-4024-4C6E-87CD-F0734EE7F054}.Release|x86.ActiveCfg = Release|Any CPU
		{4B8710A1-4024-4C6E-87CD-F0734EE7F054}.Release|x86.Build.0 = Release|Any CPU
		{0E7E9ED7-37D5-4769-AE8D-E1CB5A76CD1E}.Debug|Any CPU.ActiveCfg = Debug|Any CPU
		{0E7E9ED7-37D5-4769-AE8D-E1CB5A76CD1E}.Debug|Any CPU.Build.0 = Debug|Any CPU
		{0E7E9ED7-37D5-4769-AE8D-E1CB5A76CD1E}.Debug|x86.ActiveCfg = Debug|Any CPU
		{0E7E9ED7-37D5-4769-AE8D-E1CB5A76CD1E}.Debug|x86.Build.0 = Debug|Any CPU
		{0E7E9ED7-37D5-4769-AE8D-E1CB5A76CD1E}.Release|Any CPU.ActiveCfg = Release|Any CPU
		{0E7E9ED7-37D5-4769-AE8D-E1CB5A76CD1E}.Release|Any CPU.Build.0 = Release|Any CPU
		{0E7E9ED7-37D5-4769-AE8D-E1CB5A76CD1E}.Release|x86.ActiveCfg = Release|Any CPU
		{0E7E9ED7-37D5-4769-AE8D-E1CB5A76CD1E}.Release|x86.Build.0 = Release|Any CPU
		{129E1930-7589-4C82-86A6-5C4A20C209D7}.Debug|Any CPU.ActiveCfg = Debug|Any CPU
		{129E1930-7589-4C82-86A6-5C4A20C209D7}.Debug|Any CPU.Build.0 = Debug|Any CPU
		{129E1930-7589-4C82-86A6-5C4A20C209D7}.Debug|x86.ActiveCfg = Debug|Any CPU
		{129E1930-7589-4C82-86A6-5C4A20C209D7}.Debug|x86.Build.0 = Debug|Any CPU
		{129E1930-7589-4C82-86A6-5C4A20C209D7}.Release|Any CPU.ActiveCfg = Release|Any CPU
		{129E1930-7589-4C82-86A6-5C4A20C209D7}.Release|Any CPU.Build.0 = Release|Any CPU
		{129E1930-7589-4C82-86A6-5C4A20C209D7}.Release|x86.ActiveCfg = Release|Any CPU
		{129E1930-7589-4C82-86A6-5C4A20C209D7}.Release|x86.Build.0 = Release|Any CPU
		{E0FAB1D0-0A69-4FEA-BD74-C02D29AC1B61}.Debug|Any CPU.ActiveCfg = Debug|Any CPU
		{E0FAB1D0-0A69-4FEA-BD74-C02D29AC1B61}.Debug|Any CPU.Build.0 = Debug|Any CPU
		{E0FAB1D0-0A69-4FEA-BD74-C02D29AC1B61}.Debug|x86.ActiveCfg = Debug|Any CPU
		{E0FAB1D0-0A69-4FEA-BD74-C02D29AC1B61}.Debug|x86.Build.0 = Debug|Any CPU
		{E0FAB1D0-0A69-4FEA-BD74-C02D29AC1B61}.Release|Any CPU.ActiveCfg = Release|Any CPU
		{E0FAB1D0-0A69-4FEA-BD74-C02D29AC1B61}.Release|Any CPU.Build.0 = Release|Any CPU
		{E0FAB1D0-0A69-4FEA-BD74-C02D29AC1B61}.Release|x86.ActiveCfg = Release|Any CPU
		{E0FAB1D0-0A69-4FEA-BD74-C02D29AC1B61}.Release|x86.Build.0 = Release|Any CPU
		{7CF4CDB1-416F-4671-A699-1B0BDDF76AA9}.Debug|Any CPU.ActiveCfg = Debug|Any CPU
		{7CF4CDB1-416F-4671-A699-1B0BDDF76AA9}.Debug|Any CPU.Build.0 = Debug|Any CPU
		{7CF4CDB1-416F-4671-A699-1B0BDDF76AA9}.Debug|x86.ActiveCfg = Debug|Any CPU
		{7CF4CDB1-416F-4671-A699-1B0BDDF76AA9}.Debug|x86.Build.0 = Debug|Any CPU
		{7CF4CDB1-416F-4671-A699-1B0BDDF76AA9}.Release|Any CPU.ActiveCfg = Release|Any CPU
		{7CF4CDB1-416F-4671-A699-1B0BDDF76AA9}.Release|Any CPU.Build.0 = Release|Any CPU
		{7CF4CDB1-416F-4671-A699-1B0BDDF76AA9}.Release|x86.ActiveCfg = Release|Any CPU
		{7CF4CDB1-416F-4671-A699-1B0BDDF76AA9}.Release|x86.Build.0 = Release|Any CPU
	EndGlobalSection
	GlobalSection(SolutionProperties) = preSolution
		HideSolutionNode = FALSE
	EndGlobalSection
	GlobalSection(NestedProjects) = preSolution
		{0E7E9ED7-37D5-4769-AE8D-E1CB5A76CD1E} = {D1FD0EFD-2121-4101-A8CB-4EC8CAA5C014}
		{129E1930-7589-4C82-86A6-5C4A20C209D7} = {D1FD0EFD-2121-4101-A8CB-4EC8CAA5C014}
		{E0FAB1D0-0A69-4FEA-BD74-C02D29AC1B61} = {D1FD0EFD-2121-4101-A8CB-4EC8CAA5C014}
		{7CF4CDB1-416F-4671-A699-1B0BDDF76AA9} = {D1FD0EFD-2121-4101-A8CB-4EC8CAA5C014}
	EndGlobalSection
	GlobalSection(ExtensibilityGlobals) = postSolution
		SolutionGuid = {E93C1F16-1455-4B76-9D13-3EBB5AF127BD}
	EndGlobalSection
	GlobalSection(TeamFoundationVersionControl) = preSolution
		SccNumberOfProjects = 7
		SccEnterpriseProvider = {4CA58AB2-18FA-4F8D-95D4-32DDF27D184C}
		SccTeamFoundationServer = http://192.168.3.86:8080/tfs/defaultcollection
		SccLocalPath0 = .
		SccProjectUniqueName1 = CIPJS\\CIPJS.csproj
		SccProjectName1 = CIPJS
		SccLocalPath1 = CIPJS
		SccProjectUniqueName2 = CIPJS.DAL\\CIPJS.DAL.csproj
		SccProjectName2 = CIPJS.DAL
		SccLocalPath2 = CIPJS.DAL
		SccProjectUniqueName3 = Utils\\GenerateObjectModel\\GenerateObjectModel.csproj
		SccProjectTopLevelParentUniqueName3 = CIPJS.sln
		SccProjectName3 = Utils/GenerateObjectModel
		SccLocalPath3 = Utils\\GenerateObjectModel
		SccProjectUniqueName4 = Utils\\DebugApplication\\DebugApplication.csproj
		SccProjectTopLevelParentUniqueName4 = CIPJS.sln
		SccProjectName4 = Utils/DebugApplication
		SccLocalPath4 = Utils\\DebugApplication
		SccProjectUniqueName5 = Utils\\InsureBuildingLoader\\InsureBuildingLoader.csproj
		SccProjectTopLevelParentUniqueName5 = CIPJS.sln
		SccProjectName5 = Utils/InsureBuildingLoader
		SccLocalPath5 = Utils\\InsureBuildingLoader
		SccProjectUniqueName6 = CalculationDifferenceLogger\\CalculationDifferenceLogger.csproj
		SccProjectTopLevelParentUniqueName6 = CIPJS.sln
		SccProjectName6 = CalculationDifferenceLogger
		SccLocalPath6 = CalculationDifferenceLogger
	EndGlobalSection
EndGlobal
