
Microsoft Visual Studio Solution File, Format Version 12.00
# Visual Studio Version 16
VisualStudioVersion = 16.0.30114.105
MinimumVisualStudioVersion = 10.0.40219.1
Project("{9A19103F-16F7-4668-BE54-9A1E7A4F7556}") = "KadOzenka.Dal", "KadOzenka.Dal\KadOzenka.Dal.csproj", "{4B8710A1-4024-4C6E-87CD-F0734EE7F054}"
EndProject
Project("{2150E333-8FDC-42A3-9474-1A3956D46DE8}") = "Utils", "Utils", "{D1FD0EFD-2121-4101-A8CB-4EC8CAA5C014}"
EndProject
Project("{9A19103F-16F7-4668-BE54-9A1E7A4F7556}") = "GenerateObjectModel", "Utils\GenerateObjectModel\GenerateObjectModel.csproj", "{0E7E9ED7-37D5-4769-AE8D-E1CB5A76CD1E}"
EndProject
Project("{9A19103F-16F7-4668-BE54-9A1E7A4F7556}") = "KadOzenka.Web", "KadOzenka.Web\KadOzenka.Web.csproj", "{04FC3986-3A02-4E41-8CB4-72D43605511A}"
	ProjectSection(ProjectDependencies) = postProject
		{1570E94C-497B-4581-80B7-F32BA3A9EFE7} = {1570E94C-497B-4581-80B7-F32BA3A9EFE7}
	EndProjectSection
EndProject
Project("{9A19103F-16F7-4668-BE54-9A1E7A4F7556}") = "GenerateDbScripts", "Utils\GenerateDbScripts\GenerateDbScripts.csproj", "{1ED61666-43A6-420B-9F1E-C587B88794A8}"
EndProject
Project("{9A19103F-16F7-4668-BE54-9A1E7A4F7556}") = "KadOzenka.BlFrontEnd", "Utils\KadOzenka.BlFrontEnd\KadOzenka.BlFrontEnd.csproj", "{620E8F25-59FD-4854-A112-E34658EBDFD0}"
EndProject
Project("{9A19103F-16F7-4668-BE54-9A1E7A4F7556}") = "KadOzenka.ObjectModel", "KadOzenka.ObjectModel\KadOzenka.ObjectModel.csproj", "{1570E94C-497B-4581-80B7-F32BA3A9EFE7}"
EndProject
Project("{9A19103F-16F7-4668-BE54-9A1E7A4F7556}") = "ImageProccessor", "ImageProccessor\ImageProccessor.csproj", "{E885A580-E156-4906-8978-41B59991EF01}"
EndProject
Project("{9A19103F-16F7-4668-BE54-9A1E7A4F7556}") = "EP.Sdk.Core", "Utils\EP.SdkCore\EP.Sdk.Core.csproj", "{F9CC1690-F519-4C76-A52B-78625BF288AC}"
EndProject
Project("{9A19103F-16F7-4668-BE54-9A1E7A4F7556}") = "KadOzenka.WebClients", "KadOzenka.WebClients\KadOzenka.WebClients.csproj", "{A6A83D28-EB29-40AD-AB55-F6FBC8B735F6}"
EndProject
Project("{2150E333-8FDC-42A3-9474-1A3956D46DE8}") = "Test", "Test", "{424A8967-E655-42CB-A88A-B30251FB0ACB}"
EndProject
Project("{9A19103F-16F7-4668-BE54-9A1E7A4F7556}") = "KadOzenka.Test.ReonWebServiceMock", "KadOzenka.Test.ReonWebServiceMock\KadOzenka.Test.ReonWebServiceMock.csproj", "{35BD5D31-C805-4528-AA4E-855795AFE7AE}"
EndProject
Project("{9A19103F-16F7-4668-BE54-9A1E7A4F7556}") = "KadOzenka.WebServices", "KadOzenka.WebServices\KadOzenka.WebServices\KadOzenka.WebServices.csproj", "{ADC9CD98-AAD0-49C5-BF06-77F0A9BBA6D0}"
EndProject
Project("{9A19103F-16F7-4668-BE54-9A1E7A4F7556}") = "Parser", "Parser\Parser.csproj", "{B35699D8-1146-4F67-BAA1-000AF81FB776}"
EndProject
Project("{9A19103F-16F7-4668-BE54-9A1E7A4F7556}") = "KadOzenka.LongProcessService", "KadOzenka.LongProcessService\KadOzenka.LongProcessService.csproj", "{82CC723A-6CB8-41F8-8949-90BFF202F27A}"
EndProject
Project("{2150E333-8FDC-42A3-9474-1A3956D46DE8}") = "PublishScripts", "PublishScripts", "{D70D30D5-2A3F-49C7-AB77-97982F483540}"
	ProjectSection(SolutionItems) = preProject
		Utils\PublishScripts\publish_CIPJS_KO_PPR_4042.ps1 = Utils\PublishScripts\publish_CIPJS_KO_PPR_4042.ps1
		Utils\PublishScripts\publish_CIPJS_KO_PPR_8084.ps1 = Utils\PublishScripts\publish_CIPJS_KO_PPR_8084.ps1
		Utils\PublishScripts\publish_CIPJS_KO_TEST_4041.ps1 = Utils\PublishScripts\publish_CIPJS_KO_TEST_4041.ps1
		Utils\PublishScripts\publish_CIPJS_KO_TEST_8080.ps1 = Utils\PublishScripts\publish_CIPJS_KO_TEST_8080.ps1
		Utils\PublishScripts\release_build.ps1 = Utils\PublishScripts\release_build.ps1
	EndProjectSection
EndProject
Global
	GlobalSection(SolutionConfigurationPlatforms) = preSolution
		Debug|Any CPU = Debug|Any CPU
		Debug|x86 = Debug|x86
		Release|Any CPU = Release|Any CPU
		Release|x86 = Release|x86
	EndGlobalSection
	GlobalSection(ProjectConfigurationPlatforms) = postSolution
		{4B8710A1-4024-4C6E-87CD-F0734EE7F054}.Debug|Any CPU.ActiveCfg = Debug|Any CPU
		{4B8710A1-4024-4C6E-87CD-F0734EE7F054}.Debug|Any CPU.Build.0 = Debug|Any CPU
		{4B8710A1-4024-4C6E-87CD-F0734EE7F054}.Debug|x86.ActiveCfg = Debug|Any CPU
		{4B8710A1-4024-4C6E-87CD-F0734EE7F054}.Debug|x86.Build.0 = Debug|Any CPU
		{4B8710A1-4024-4C6E-87CD-F0734EE7F054}.Release|Any CPU.ActiveCfg = Release|Any CPU
		{4B8710A1-4024-4C6E-87CD-F0734EE7F054}.Release|Any CPU.Build.0 = Release|Any CPU
		{4B8710A1-4024-4C6E-87CD-F0734EE7F054}.Release|x86.ActiveCfg = Release|Any CPU
		{4B8710A1-4024-4C6E-87CD-F0734EE7F054}.Release|x86.Build.0 = Release|Any CPU
		{0E7E9ED7-37D5-4769-AE8D-E1CB5A76CD1E}.Debug|Any CPU.ActiveCfg = Debug|Any CPU
		{0E7E9ED7-37D5-4769-AE8D-E1CB5A76CD1E}.Debug|Any CPU.Build.0 = Debug|Any CPU
		{0E7E9ED7-37D5-4769-AE8D-E1CB5A76CD1E}.Debug|x86.ActiveCfg = Debug|Any CPU
		{0E7E9ED7-37D5-4769-AE8D-E1CB5A76CD1E}.Debug|x86.Build.0 = Debug|Any CPU
		{0E7E9ED7-37D5-4769-AE8D-E1CB5A76CD1E}.Release|Any CPU.ActiveCfg = Release|Any CPU
		{0E7E9ED7-37D5-4769-AE8D-E1CB5A76CD1E}.Release|Any CPU.Build.0 = Release|Any CPU
		{0E7E9ED7-37D5-4769-AE8D-E1CB5A76CD1E}.Release|x86.ActiveCfg = Release|Any CPU
		{0E7E9ED7-37D5-4769-AE8D-E1CB5A76CD1E}.Release|x86.Build.0 = Release|Any CPU
		{04FC3986-3A02-4E41-8CB4-72D43605511A}.Debug|Any CPU.ActiveCfg = Debug|Any CPU
		{04FC3986-3A02-4E41-8CB4-72D43605511A}.Debug|Any CPU.Build.0 = Debug|Any CPU
		{04FC3986-3A02-4E41-8CB4-72D43605511A}.Debug|x86.ActiveCfg = Debug|Any CPU
		{04FC3986-3A02-4E41-8CB4-72D43605511A}.Debug|x86.Build.0 = Debug|Any CPU
		{04FC3986-3A02-4E41-8CB4-72D43605511A}.Release|Any CPU.ActiveCfg = Release|Any CPU
		{04FC3986-3A02-4E41-8CB4-72D43605511A}.Release|Any CPU.Build.0 = Release|Any CPU
		{04FC3986-3A02-4E41-8CB4-72D43605511A}.Release|x86.ActiveCfg = Release|Any CPU
		{04FC3986-3A02-4E41-8CB4-72D43605511A}.Release|x86.Build.0 = Release|Any CPU
		{1ED61666-43A6-420B-9F1E-C587B88794A8}.Debug|Any CPU.ActiveCfg = Debug|Any CPU
		{1ED61666-43A6-420B-9F1E-C587B88794A8}.Debug|Any CPU.Build.0 = Debug|Any CPU
		{1ED61666-43A6-420B-9F1E-C587B88794A8}.Debug|x86.ActiveCfg = Debug|Any CPU
		{1ED61666-43A6-420B-9F1E-C587B88794A8}.Debug|x86.Build.0 = Debug|Any CPU
		{1ED61666-43A6-420B-9F1E-C587B88794A8}.Release|Any CPU.ActiveCfg = Release|Any CPU
		{1ED61666-43A6-420B-9F1E-C587B88794A8}.Release|Any CPU.Build.0 = Release|Any CPU
		{1ED61666-43A6-420B-9F1E-C587B88794A8}.Release|x86.ActiveCfg = Release|Any CPU
		{1ED61666-43A6-420B-9F1E-C587B88794A8}.Release|x86.Build.0 = Release|Any CPU
		{620E8F25-59FD-4854-A112-E34658EBDFD0}.Debug|Any CPU.ActiveCfg = Debug|Any CPU
		{620E8F25-59FD-4854-A112-E34658EBDFD0}.Debug|Any CPU.Build.0 = Debug|Any CPU
		{620E8F25-59FD-4854-A112-E34658EBDFD0}.Debug|x86.ActiveCfg = Debug|Any CPU
		{620E8F25-59FD-4854-A112-E34658EBDFD0}.Debug|x86.Build.0 = Debug|Any CPU
		{620E8F25-59FD-4854-A112-E34658EBDFD0}.Release|Any CPU.ActiveCfg = Release|Any CPU
		{620E8F25-59FD-4854-A112-E34658EBDFD0}.Release|Any CPU.Build.0 = Release|Any CPU
		{620E8F25-59FD-4854-A112-E34658EBDFD0}.Release|x86.ActiveCfg = Release|Any CPU
		{620E8F25-59FD-4854-A112-E34658EBDFD0}.Release|x86.Build.0 = Release|Any CPU
		{1570E94C-497B-4581-80B7-F32BA3A9EFE7}.Debug|Any CPU.ActiveCfg = Debug|Any CPU
		{1570E94C-497B-4581-80B7-F32BA3A9EFE7}.Debug|Any CPU.Build.0 = Debug|Any CPU
		{1570E94C-497B-4581-80B7-F32BA3A9EFE7}.Debug|x86.ActiveCfg = Debug|Any CPU
		{1570E94C-497B-4581-80B7-F32BA3A9EFE7}.Debug|x86.Build.0 = Debug|Any CPU
		{1570E94C-497B-4581-80B7-F32BA3A9EFE7}.Release|Any CPU.ActiveCfg = Release|Any CPU
		{1570E94C-497B-4581-80B7-F32BA3A9EFE7}.Release|Any CPU.Build.0 = Release|Any CPU
		{1570E94C-497B-4581-80B7-F32BA3A9EFE7}.Release|x86.ActiveCfg = Release|Any CPU
		{1570E94C-497B-4581-80B7-F32BA3A9EFE7}.Release|x86.Build.0 = Release|Any CPU
		{E885A580-E156-4906-8978-41B59991EF01}.Debug|Any CPU.ActiveCfg = Debug|Any CPU
		{E885A580-E156-4906-8978-41B59991EF01}.Debug|Any CPU.Build.0 = Debug|Any CPU
		{E885A580-E156-4906-8978-41B59991EF01}.Debug|x86.ActiveCfg = Debug|Any CPU
		{E885A580-E156-4906-8978-41B59991EF01}.Debug|x86.Build.0 = Debug|Any CPU
		{E885A580-E156-4906-8978-41B59991EF01}.Release|Any CPU.ActiveCfg = Release|Any CPU
		{E885A580-E156-4906-8978-41B59991EF01}.Release|Any CPU.Build.0 = Release|Any CPU
		{E885A580-E156-4906-8978-41B59991EF01}.Release|x86.ActiveCfg = Release|Any CPU
		{E885A580-E156-4906-8978-41B59991EF01}.Release|x86.Build.0 = Release|Any CPU
		{F9CC1690-F519-4C76-A52B-78625BF288AC}.Debug|Any CPU.ActiveCfg = Debug|Any CPU
		{F9CC1690-F519-4C76-A52B-78625BF288AC}.Debug|Any CPU.Build.0 = Debug|Any CPU
		{F9CC1690-F519-4C76-A52B-78625BF288AC}.Debug|x86.ActiveCfg = Debug|Any CPU
		{F9CC1690-F519-4C76-A52B-78625BF288AC}.Debug|x86.Build.0 = Debug|Any CPU
		{F9CC1690-F519-4C76-A52B-78625BF288AC}.Release|Any CPU.ActiveCfg = Release|Any CPU
		{F9CC1690-F519-4C76-A52B-78625BF288AC}.Release|Any CPU.Build.0 = Release|Any CPU
		{F9CC1690-F519-4C76-A52B-78625BF288AC}.Release|x86.ActiveCfg = Release|Any CPU
		{F9CC1690-F519-4C76-A52B-78625BF288AC}.Release|x86.Build.0 = Release|Any CPU
		{A6A83D28-EB29-40AD-AB55-F6FBC8B735F6}.Debug|Any CPU.ActiveCfg = Debug|Any CPU
		{A6A83D28-EB29-40AD-AB55-F6FBC8B735F6}.Debug|Any CPU.Build.0 = Debug|Any CPU
		{A6A83D28-EB29-40AD-AB55-F6FBC8B735F6}.Debug|x86.ActiveCfg = Debug|Any CPU
		{A6A83D28-EB29-40AD-AB55-F6FBC8B735F6}.Debug|x86.Build.0 = Debug|Any CPU
		{A6A83D28-EB29-40AD-AB55-F6FBC8B735F6}.Release|Any CPU.ActiveCfg = Release|Any CPU
		{A6A83D28-EB29-40AD-AB55-F6FBC8B735F6}.Release|Any CPU.Build.0 = Release|Any CPU
		{A6A83D28-EB29-40AD-AB55-F6FBC8B735F6}.Release|x86.ActiveCfg = Release|Any CPU
		{A6A83D28-EB29-40AD-AB55-F6FBC8B735F6}.Release|x86.Build.0 = Release|Any CPU
		{35BD5D31-C805-4528-AA4E-855795AFE7AE}.Debug|Any CPU.ActiveCfg = Debug|Any CPU
		{35BD5D31-C805-4528-AA4E-855795AFE7AE}.Debug|Any CPU.Build.0 = Debug|Any CPU
		{35BD5D31-C805-4528-AA4E-855795AFE7AE}.Debug|x86.ActiveCfg = Debug|Any CPU
		{35BD5D31-C805-4528-AA4E-855795AFE7AE}.Debug|x86.Build.0 = Debug|Any CPU
		{35BD5D31-C805-4528-AA4E-855795AFE7AE}.Release|Any CPU.ActiveCfg = Release|Any CPU
		{35BD5D31-C805-4528-AA4E-855795AFE7AE}.Release|Any CPU.Build.0 = Release|Any CPU
		{35BD5D31-C805-4528-AA4E-855795AFE7AE}.Release|x86.ActiveCfg = Release|Any CPU
		{35BD5D31-C805-4528-AA4E-855795AFE7AE}.Release|x86.Build.0 = Release|Any CPU
		{ADC9CD98-AAD0-49C5-BF06-77F0A9BBA6D0}.Debug|Any CPU.ActiveCfg = Debug|Any CPU
		{ADC9CD98-AAD0-49C5-BF06-77F0A9BBA6D0}.Debug|Any CPU.Build.0 = Debug|Any CPU
		{ADC9CD98-AAD0-49C5-BF06-77F0A9BBA6D0}.Debug|x86.ActiveCfg = Debug|Any CPU
		{ADC9CD98-AAD0-49C5-BF06-77F0A9BBA6D0}.Debug|x86.Build.0 = Debug|Any CPU
		{ADC9CD98-AAD0-49C5-BF06-77F0A9BBA6D0}.Release|Any CPU.ActiveCfg = Release|Any CPU
		{ADC9CD98-AAD0-49C5-BF06-77F0A9BBA6D0}.Release|Any CPU.Build.0 = Release|Any CPU
		{ADC9CD98-AAD0-49C5-BF06-77F0A9BBA6D0}.Release|x86.ActiveCfg = Release|Any CPU
		{ADC9CD98-AAD0-49C5-BF06-77F0A9BBA6D0}.Release|x86.Build.0 = Release|Any CPU
		{B35699D8-1146-4F67-BAA1-000AF81FB776}.Debug|Any CPU.ActiveCfg = Debug|Any CPU
		{B35699D8-1146-4F67-BAA1-000AF81FB776}.Debug|Any CPU.Build.0 = Debug|Any CPU
		{B35699D8-1146-4F67-BAA1-000AF81FB776}.Debug|x86.ActiveCfg = Debug|Any CPU
		{B35699D8-1146-4F67-BAA1-000AF81FB776}.Debug|x86.Build.0 = Debug|Any CPU
		{B35699D8-1146-4F67-BAA1-000AF81FB776}.Release|Any CPU.ActiveCfg = Release|Any CPU
		{B35699D8-1146-4F67-BAA1-000AF81FB776}.Release|Any CPU.Build.0 = Release|Any CPU
		{B35699D8-1146-4F67-BAA1-000AF81FB776}.Release|x86.ActiveCfg = Release|Any CPU
		{B35699D8-1146-4F67-BAA1-000AF81FB776}.Release|x86.Build.0 = Release|Any CPU
		{82CC723A-6CB8-41F8-8949-90BFF202F27A}.Debug|Any CPU.ActiveCfg = Debug|Any CPU
		{82CC723A-6CB8-41F8-8949-90BFF202F27A}.Debug|Any CPU.Build.0 = Debug|Any CPU
		{82CC723A-6CB8-41F8-8949-90BFF202F27A}.Debug|x86.ActiveCfg = Debug|Any CPU
		{82CC723A-6CB8-41F8-8949-90BFF202F27A}.Debug|x86.Build.0 = Debug|Any CPU
		{82CC723A-6CB8-41F8-8949-90BFF202F27A}.Release|Any CPU.ActiveCfg = Release|Any CPU
		{82CC723A-6CB8-41F8-8949-90BFF202F27A}.Release|Any CPU.Build.0 = Release|Any CPU
		{82CC723A-6CB8-41F8-8949-90BFF202F27A}.Release|x86.ActiveCfg = Release|Any CPU
		{82CC723A-6CB8-41F8-8949-90BFF202F27A}.Release|x86.Build.0 = Release|Any CPU
	EndGlobalSection
	GlobalSection(SolutionProperties) = preSolution
		HideSolutionNode = FALSE
	EndGlobalSection
	GlobalSection(NestedProjects) = preSolution
		{0E7E9ED7-37D5-4769-AE8D-E1CB5A76CD1E} = {D1FD0EFD-2121-4101-A8CB-4EC8CAA5C014}
		{1ED61666-43A6-420B-9F1E-C587B88794A8} = {D1FD0EFD-2121-4101-A8CB-4EC8CAA5C014}
		{620E8F25-59FD-4854-A112-E34658EBDFD0} = {D1FD0EFD-2121-4101-A8CB-4EC8CAA5C014}
		{E885A580-E156-4906-8978-41B59991EF01} = {D1FD0EFD-2121-4101-A8CB-4EC8CAA5C014}
		{F9CC1690-F519-4C76-A52B-78625BF288AC} = {D1FD0EFD-2121-4101-A8CB-4EC8CAA5C014}
		{35BD5D31-C805-4528-AA4E-855795AFE7AE} = {424A8967-E655-42CB-A88A-B30251FB0ACB}
		{B35699D8-1146-4F67-BAA1-000AF81FB776} = {D1FD0EFD-2121-4101-A8CB-4EC8CAA5C014}
		{D70D30D5-2A3F-49C7-AB77-97982F483540} = {D1FD0EFD-2121-4101-A8CB-4EC8CAA5C014}
	EndGlobalSection
	GlobalSection(ExtensibilityGlobals) = postSolution
		SolutionGuid = {E93C1F16-1455-4B76-9D13-3EBB5AF127BD}
	EndGlobalSection
	GlobalSection(TeamFoundationVersionControl) = preSolution
		SccNumberOfProjects = 14
		SccEnterpriseProvider = {4CA58AB2-18FA-4F8D-95D4-32DDF27D184C}
		SccTeamFoundationServer = http://192.168.3.86:8080/tfs/defaultcollection
		SccLocalPath0 = .
		SccProjectUniqueName1 = Utils\\GenerateObjectModel\\GenerateObjectModel.csproj
		SccProjectTopLevelParentUniqueName1 = KadOzenka.sln
		SccProjectName1 = Utils/GenerateObjectModel
		SccLocalPath1 = Utils\\GenerateObjectModel
		SccProjectUniqueName2 = KadOzenka.Dal\\KadOzenka.Dal.csproj
		SccProjectName2 = KadOzenka.Dal
		SccLocalPath2 = KadOzenka.Dal
		SccProjectUniqueName3 = KadOzenka.Web\\KadOzenka.Web.csproj
		SccProjectName3 = KadOzenka.Web
		SccLocalPath3 = KadOzenka.Web
		SccProjectUniqueName4 = Utils\\GenerateDbScripts\\GenerateDbScripts.csproj
		SccProjectTopLevelParentUniqueName4 = KadOzenka.sln
		SccProjectName4 = Utils/GenerateDbScripts
		SccLocalPath4 = Utils\\GenerateDbScripts
		SccProjectUniqueName5 = Utils\\KadOzenka.BlFrontEnd\\KadOzenka.BlFrontEnd.csproj
		SccProjectTopLevelParentUniqueName5 = KadOzenka.sln
		SccProjectName5 = Utils/KadOzenka.BlFrontEnd
		SccLocalPath5 = Utils\\KadOzenka.BlFrontEnd
		SccProjectUniqueName6 = KadOzenka.ObjectModel\\KadOzenka.ObjectModel.csproj
		SccProjectName6 = KadOzenka.ObjectModel
		SccLocalPath6 = KadOzenka.ObjectModel
		SccProjectUniqueName7 = ImageProccessor\\ImageProccessor.csproj
		SccProjectTopLevelParentUniqueName7 = KadOzenka.sln
		SccProjectName7 = ImageProccessor
		SccLocalPath7 = ImageProccessor
		SccProjectUniqueName8 = Utils\\EP.SdkCore\\EP.Sdk.Core.csproj
		SccProjectTopLevelParentUniqueName8 = KadOzenka.sln
		SccProjectName8 = Utils/EP.SdkCore
		SccLocalPath8 = Utils\\EP.SdkCore
		SccProjectUniqueName9 = KadOzenka.WebClients\\KadOzenka.WebClients.csproj
		SccProjectName9 = KadOzenka.WebClients
		SccLocalPath9 = KadOzenka.WebClients
		SccProjectUniqueName10 = KadOzenka.Test.ReonWebServiceMock\\KadOzenka.Test.ReonWebServiceMock.csproj
		SccProjectTopLevelParentUniqueName10 = KadOzenka.sln
		SccProjectName10 = KadOzenka.Test.ReonWebServiceMock
		SccLocalPath10 = KadOzenka.Test.ReonWebServiceMock
		SccProjectUniqueName11 = KadOzenka.WebServices\\KadOzenka.WebServices\\KadOzenka.WebServices.csproj
		SccProjectName11 = KadOzenka.WebServices/KadOzenka.WebServices
		SccLocalPath11 = KadOzenka.WebServices\\KadOzenka.WebServices
		SccProjectUniqueName12 = Parser\\Parser.csproj
		SccProjectTopLevelParentUniqueName12 = KadOzenka.sln
		SccProjectName12 = Parser
		SccLocalPath12 = Parser
		SccProjectUniqueName13 = KadOzenka.LongProcessService\\KadOzenka.LongProcessService.csproj
		SccProjectName13 = KadOzenka.LongProcessService
		SccLocalPath13 = KadOzenka.LongProcessService
	EndGlobalSection
EndGlobal
