
Microsoft Visual Studio Solution File, Format Version 12.00
# Visual Studio Version 16
VisualStudioVersion = 16.0.30114.105
MinimumVisualStudioVersion = 10.0.40219.1
Project("{9A19103F-16F7-4668-BE54-9A1E7A4F7556}") = "KadOzenka.Dal", "KadOzenka.Dal\KadOzenka.Dal.csproj", "{4B8710A1-4024-4C6E-87CD-F0734EE7F054}"
EndProject
Project("{2150E333-8FDC-42A3-9474-1A3956D46DE8}") = "Utils", "Utils", "{D1FD0EFD-2121-4101-A8CB-4EC8CAA5C014}"
EndProject
Project("{9A19103F-16F7-4668-BE54-9A1E7A4F7556}") = "GenerateObjectModel", "Utils\GenerateObjectModel\GenerateObjectModel.csproj", "{0E7E9ED7-37D5-4769-AE8D-E1CB5A76CD1E}"
EndProject
Project("{9A19103F-16F7-4668-BE54-9A1E7A4F7556}") = "KadOzenka.Web", "KadOzenka.Web\KadOzenka.Web.csproj", "{04FC3986-3A02-4E41-8CB4-72D43605511A}"
	ProjectSection(ProjectDependencies) = postProject
		{1570E94C-497B-4581-80B7-F32BA3A9EFE7} = {1570E94C-497B-4581-80B7-F32BA3A9EFE7}
	EndProjectSection
EndProject
Project("{9A19103F-16F7-4668-BE54-9A1E7A4F7556}") = "GenerateDbScripts", "Utils\GenerateDbScripts\GenerateDbScripts.csproj", "{1ED61666-43A6-420B-9F1E-C587B88794A8}"
EndProject
Project("{9A19103F-16F7-4668-BE54-9A1E7A4F7556}") = "KadOzenka.BlFrontEnd", "Utils\KadOzenka.BlFrontEnd\KadOzenka.BlFrontEnd.csproj", "{620E8F25-59FD-4854-A112-E34658EBDFD0}"
EndProject
Project("{9A19103F-16F7-4668-BE54-9A1E7A4F7556}") = "KadOzenka.ObjectModel", "KadOzenka.ObjectModel\KadOzenka.ObjectModel.csproj", "{1570E94C-497B-4581-80B7-F32BA3A9EFE7}"
EndProject
Project("{9A19103F-16F7-4668-BE54-9A1E7A4F7556}") = "ImageProccessor", "ImageProccessor\ImageProccessor.csproj", "{E885A580-E156-4906-8978-41B59991EF01}"
EndProject
Project("{9A19103F-16F7-4668-BE54-9A1E7A4F7556}") = "EP.Sdk.Core", "Utils\EP.SdkCore\EP.Sdk.Core.csproj", "{F9CC1690-F519-4C76-A52B-78625BF288AC}"
EndProject
Project("{9A19103F-16F7-4668-BE54-9A1E7A4F7556}") = "KadOzenka.WebClients", "KadOzenka.WebClients\KadOzenka.WebClients.csproj", "{A6A83D28-EB29-40AD-AB55-F6FBC8B735F6}"
EndProject
Project("{2150E333-8FDC-42A3-9474-1A3956D46DE8}") = "Test", "Test", "{424A8967-E655-42CB-A88A-B30251FB0ACB}"
EndProject
Project("{9A19103F-16F7-4668-BE54-9A1E7A4F7556}") = "KadOzenka.Test.ReonWebServiceMock", "KadOzenka.Test.ReonWebServiceMock\KadOzenka.Test.ReonWebServiceMock.csproj", "{35BD5D31-C805-4528-AA4E-855795AFE7AE}"
EndProject
Project("{9A19103F-16F7-4668-BE54-9A1E7A4F7556}") = "KadOzenka.WebServices", "KadOzenka.WebServices\KadOzenka.WebServices\KadOzenka.WebServices.csproj", "{ADC9CD98-AAD0-49C5-BF06-77F0A9BBA6D0}"
EndProject
Project("{9A19103F-16F7-4668-BE54-9A1E7A4F7556}") = "Parser", "Parser\Parser.csproj", "{B35699D8-1146-4F67-BAA1-000AF81FB776}"
EndProject
Project("{9A19103F-16F7-4668-BE54-9A1E7A4F7556}") = "KadOzenka.LongProcessService", "KadOzenka.LongProcessService\KadOzenka.LongProcessService.csproj", "{82CC723A-6CB8-41F8-8949-90BFF202F27A}"
EndProject
Project("{2150E333-8FDC-42A3-9474-1A3956D46DE8}") = "PublishScripts", "PublishScripts", "{D70D30D5-2A3F-49C7-AB77-97982F483540}"
	ProjectSection(SolutionItems) = preProject
		generate_scriptsDB.ps1 = generate_scriptsDB.ps1
		Utils\PublishScripts\publish_CIPJS_KO_PPR_4042.ps1 = Utils\PublishScripts\publish_CIPJS_KO_PPR_4042.ps1
		Utils\PublishScripts\publish_CIPJS_KO_PPR_8084.ps1 = Utils\PublishScripts\publish_CIPJS_KO_PPR_8084.ps1
		Utils\PublishScripts\publish_CIPJS_KO_TEST_4041.ps1 = Utils\PublishScripts\publish_CIPJS_KO_TEST_4041.ps1
		Utils\PublishScripts\publish_CIPJS_KO_TEST_8080.ps1 = Utils\PublishScripts\publish_CIPJS_KO_TEST_8080.ps1
		Utils\PublishScripts\release_build.ps1 = Utils\PublishScripts\release_build.ps1
	EndProjectSection
EndProject
Project("{9A19103F-16F7-4668-BE54-9A1E7A4F7556}") = "Proxy", "Proxy\Proxy.csproj", "{C9003E80-9E76-4021-A6B9-F71849EACB0C}"
EndProject
Project("{9A19103F-16F7-4668-BE54-9A1E7A4F7556}") = "ProxyChecker", "ProxyChecker\ProxyChecker.csproj", "{0361032E-D57F-4110-ABED-1E1E770F65F9}"
EndProject
Project("{9A19103F-16F7-4668-BE54-9A1E7A4F7556}") = "ScreenshotParser", "ScreenshotParser\ScreenshotParser.csproj", "{5CF3D386-2FA0-4B2C-BB95-81A8E36C508E}"
EndProject
Project("{9A19103F-16F7-4668-BE54-9A1E7A4F7556}") = "KadOzenka.Dal.Tests", "KadOzenka.Dal.Tests\KadOzenka.Dal.Tests.csproj", "{5EBF6A1E-6A6C-4C22-926E-78CF14C64D54}"
EndProject
Project("{9A19103F-16F7-4668-BE54-9A1E7A4F7556}") = "KadOzenka.Web.Tests", "KadOzenka.Web.Tests\KadOzenka.Web.Tests.csproj", "{8D4A0956-2547-4190-A95F-CCE130301EC7}"
EndProject
Project("{2150E333-8FDC-42A3-9474-1A3956D46DE8}") = "DbScripts", "DbScripts", "{172D0CC1-C8DC-4114-BEFF-4FCC02FAD0C3}"
	ProjectSection(SolutionItems) = preProject
		Utils\DbScripts\Constraints.sql = Utils\DbScripts\Constraints.sql
		Utils\DbScripts\Indexes.sql = Utils\DbScripts\Indexes.sql
	EndProjectSection
EndProject
Project("{2150E333-8FDC-42A3-9474-1A3956D46DE8}") = "Functions", "Functions", "{FFE74E77-D969-46AD-AC64-304FD0DB2700}"
	ProjectSection(SolutionItems) = preProject
		Utils\DbScripts\Functions\update_cache_table_for_data_composition_reports_for_main_object.sql = Utils\DbScripts\Functions\update_cache_table_for_data_composition_reports_for_main_object.sql
		Utils\DbScripts\Functions\update_cache_table_for_data_composition_reports_for_registers.sql = Utils\DbScripts\Functions\update_cache_table_for_data_composition_reports_for_registers.sql
	EndProjectSection
EndProject
Project("{FAE04EC0-301F-11D3-BF4B-00C04F79EFBC}") = "DbMigrations", "DbMigrations\DbMigrations.csproj", "{CD863872-0067-452E-8B42-B0DE2F6BDD8A}"
EndProject
Global
	GlobalSection(SolutionConfigurationPlatforms) = preSolution
		Debug|Any CPU = Debug|Any CPU
		Debug|x86 = Debug|x86
		Demo|Any CPU = Demo|Any CPU
		Demo|x86 = Demo|x86
		QA|Any CPU = QA|Any CPU
		QA|x86 = QA|x86
		Release|Any CPU = Release|Any CPU
		Release|x86 = Release|x86
	EndGlobalSection
	GlobalSection(ProjectConfigurationPlatforms) = postSolution
		{4B8710A1-4024-4C6E-87CD-F0734EE7F054}.Debug|Any CPU.ActiveCfg = Debug|Any CPU
		{4B8710A1-4024-4C6E-87CD-F0734EE7F054}.Debug|Any CPU.Build.0 = Debug|Any CPU
		{4B8710A1-4024-4C6E-87CD-F0734EE7F054}.Debug|x86.ActiveCfg = Debug|Any CPU
		{4B8710A1-4024-4C6E-87CD-F0734EE7F054}.Debug|x86.Build.0 = Debug|Any CPU
		{4B8710A1-4024-4C6E-87CD-F0734EE7F054}.Demo|Any CPU.ActiveCfg = Debug|Any CPU
		{4B8710A1-4024-4C6E-87CD-F0734EE7F054}.Demo|Any CPU.Build.0 = Debug|Any CPU
		{4B8710A1-4024-4C6E-87CD-F0734EE7F054}.Demo|x86.ActiveCfg = Demo|Any CPU
		{4B8710A1-4024-4C6E-87CD-F0734EE7F054}.Demo|x86.Build.0 = Demo|Any CPU
		{4B8710A1-4024-4C6E-87CD-F0734EE7F054}.QA|Any CPU.ActiveCfg = Debug|Any CPU
		{4B8710A1-4024-4C6E-87CD-F0734EE7F054}.QA|Any CPU.Build.0 = Debug|Any CPU
		{4B8710A1-4024-4C6E-87CD-F0734EE7F054}.QA|x86.ActiveCfg = QA|Any CPU
		{4B8710A1-4024-4C6E-87CD-F0734EE7F054}.QA|x86.Build.0 = QA|Any CPU
		{4B8710A1-4024-4C6E-87CD-F0734EE7F054}.Release|Any CPU.ActiveCfg = Release|Any CPU
		{4B8710A1-4024-4C6E-87CD-F0734EE7F054}.Release|Any CPU.Build.0 = Release|Any CPU
		{4B8710A1-4024-4C6E-87CD-F0734EE7F054}.Release|x86.ActiveCfg = Release|Any CPU
		{4B8710A1-4024-4C6E-87CD-F0734EE7F054}.Release|x86.Build.0 = Release|Any CPU
		{0E7E9ED7-37D5-4769-AE8D-E1CB5A76CD1E}.Debug|Any CPU.ActiveCfg = Debug|Any CPU
		{0E7E9ED7-37D5-4769-AE8D-E1CB5A76CD1E}.Debug|Any CPU.Build.0 = Debug|Any CPU
		{0E7E9ED7-37D5-4769-AE8D-E1CB5A76CD1E}.Debug|x86.ActiveCfg = Debug|Any CPU
		{0E7E9ED7-37D5-4769-AE8D-E1CB5A76CD1E}.Debug|x86.Build.0 = Debug|Any CPU
		{0E7E9ED7-37D5-4769-AE8D-E1CB5A76CD1E}.Demo|Any CPU.ActiveCfg = Debug|Any CPU
		{0E7E9ED7-37D5-4769-AE8D-E1CB5A76CD1E}.Demo|Any CPU.Build.0 = Debug|Any CPU
		{0E7E9ED7-37D5-4769-AE8D-E1CB5A76CD1E}.Demo|x86.ActiveCfg = Demo|Any CPU
		{0E7E9ED7-37D5-4769-AE8D-E1CB5A76CD1E}.Demo|x86.Build.0 = Demo|Any CPU
		{0E7E9ED7-37D5-4769-AE8D-E1CB5A76CD1E}.QA|Any CPU.ActiveCfg = Debug|Any CPU
		{0E7E9ED7-37D5-4769-AE8D-E1CB5A76CD1E}.QA|Any CPU.Build.0 = Debug|Any CPU
		{0E7E9ED7-37D5-4769-AE8D-E1CB5A76CD1E}.QA|x86.ActiveCfg = QA|Any CPU
		{0E7E9ED7-37D5-4769-AE8D-E1CB5A76CD1E}.QA|x86.Build.0 = QA|Any CPU
		{0E7E9ED7-37D5-4769-AE8D-E1CB5A76CD1E}.Release|Any CPU.ActiveCfg = Release|Any CPU
		{0E7E9ED7-37D5-4769-AE8D-E1CB5A76CD1E}.Release|Any CPU.Build.0 = Release|Any CPU
		{0E7E9ED7-37D5-4769-AE8D-E1CB5A76CD1E}.Release|x86.ActiveCfg = Release|Any CPU
		{0E7E9ED7-37D5-4769-AE8D-E1CB5A76CD1E}.Release|x86.Build.0 = Release|Any CPU
		{04FC3986-3A02-4E41-8CB4-72D43605511A}.Debug|Any CPU.ActiveCfg = Debug|Any CPU
		{04FC3986-3A02-4E41-8CB4-72D43605511A}.Debug|Any CPU.Build.0 = Debug|Any CPU
		{04FC3986-3A02-4E41-8CB4-72D43605511A}.Debug|x86.ActiveCfg = Debug|Any CPU
		{04FC3986-3A02-4E41-8CB4-72D43605511A}.Debug|x86.Build.0 = Debug|Any CPU
		{04FC3986-3A02-4E41-8CB4-72D43605511A}.Demo|Any CPU.ActiveCfg = Demo|Any CPU
		{04FC3986-3A02-4E41-8CB4-72D43605511A}.Demo|Any CPU.Build.0 = Demo|Any CPU
		{04FC3986-3A02-4E41-8CB4-72D43605511A}.Demo|x86.ActiveCfg = Debug|Any CPU
		{04FC3986-3A02-4E41-8CB4-72D43605511A}.Demo|x86.Build.0 = Debug|Any CPU
		{04FC3986-3A02-4E41-8CB4-72D43605511A}.QA|Any CPU.ActiveCfg = QA|Any CPU
		{04FC3986-3A02-4E41-8CB4-72D43605511A}.QA|Any CPU.Build.0 = QA|Any CPU
		{04FC3986-3A02-4E41-8CB4-72D43605511A}.QA|x86.ActiveCfg = Release|Any CPU
		{04FC3986-3A02-4E41-8CB4-72D43605511A}.Release|Any CPU.ActiveCfg = Release|Any CPU
		{04FC3986-3A02-4E41-8CB4-72D43605511A}.Release|Any CPU.Build.0 = Release|Any CPU
		{04FC3986-3A02-4E41-8CB4-72D43605511A}.Release|x86.ActiveCfg = Release|Any CPU
		{04FC3986-3A02-4E41-8CB4-72D43605511A}.Release|x86.Build.0 = Release|Any CPU
		{1ED61666-43A6-420B-9F1E-C587B88794A8}.Debug|Any CPU.ActiveCfg = Debug|Any CPU
		{1ED61666-43A6-420B-9F1E-C587B88794A8}.Debug|Any CPU.Build.0 = Debug|Any CPU
		{1ED61666-43A6-420B-9F1E-C587B88794A8}.Debug|x86.ActiveCfg = Debug|Any CPU
		{1ED61666-43A6-420B-9F1E-C587B88794A8}.Debug|x86.Build.0 = Debug|Any CPU
		{1ED61666-43A6-420B-9F1E-C587B88794A8}.Demo|Any CPU.ActiveCfg = Debug|Any CPU
		{1ED61666-43A6-420B-9F1E-C587B88794A8}.Demo|Any CPU.Build.0 = Debug|Any CPU
		{1ED61666-43A6-420B-9F1E-C587B88794A8}.Demo|x86.ActiveCfg = Demo|Any CPU
		{1ED61666-43A6-420B-9F1E-C587B88794A8}.Demo|x86.Build.0 = Demo|Any CPU
		{1ED61666-43A6-420B-9F1E-C587B88794A8}.QA|Any CPU.ActiveCfg = Debug|Any CPU
		{1ED61666-43A6-420B-9F1E-C587B88794A8}.QA|Any CPU.Build.0 = Debug|Any CPU
		{1ED61666-43A6-420B-9F1E-C587B88794A8}.QA|x86.ActiveCfg = QA|Any CPU
		{1ED61666-43A6-420B-9F1E-C587B88794A8}.QA|x86.Build.0 = QA|Any CPU
		{1ED61666-43A6-420B-9F1E-C587B88794A8}.Release|Any CPU.ActiveCfg = Release|Any CPU
		{1ED61666-43A6-420B-9F1E-C587B88794A8}.Release|Any CPU.Build.0 = Release|Any CPU
		{1ED61666-43A6-420B-9F1E-C587B88794A8}.Release|x86.ActiveCfg = Release|Any CPU
		{1ED61666-43A6-420B-9F1E-C587B88794A8}.Release|x86.Build.0 = Release|Any CPU
		{620E8F25-59FD-4854-A112-E34658EBDFD0}.Debug|Any CPU.ActiveCfg = Debug|Any CPU
		{620E8F25-59FD-4854-A112-E34658EBDFD0}.Debug|Any CPU.Build.0 = Debug|Any CPU
		{620E8F25-59FD-4854-A112-E34658EBDFD0}.Debug|x86.ActiveCfg = Debug|Any CPU
		{620E8F25-59FD-4854-A112-E34658EBDFD0}.Debug|x86.Build.0 = Debug|Any CPU
		{620E8F25-59FD-4854-A112-E34658EBDFD0}.Demo|Any CPU.ActiveCfg = Debug|Any CPU
		{620E8F25-59FD-4854-A112-E34658EBDFD0}.Demo|Any CPU.Build.0 = Debug|Any CPU
		{620E8F25-59FD-4854-A112-E34658EBDFD0}.Demo|x86.ActiveCfg = Demo|Any CPU
		{620E8F25-59FD-4854-A112-E34658EBDFD0}.Demo|x86.Build.0 = Demo|Any CPU
		{620E8F25-59FD-4854-A112-E34658EBDFD0}.QA|Any CPU.ActiveCfg = Debug|Any CPU
		{620E8F25-59FD-4854-A112-E34658EBDFD0}.QA|Any CPU.Build.0 = Debug|Any CPU
		{620E8F25-59FD-4854-A112-E34658EBDFD0}.QA|x86.ActiveCfg = QA|Any CPU
		{620E8F25-59FD-4854-A112-E34658EBDFD0}.QA|x86.Build.0 = QA|Any CPU
		{620E8F25-59FD-4854-A112-E34658EBDFD0}.Release|Any CPU.ActiveCfg = Release|Any CPU
		{620E8F25-59FD-4854-A112-E34658EBDFD0}.Release|Any CPU.Build.0 = Release|Any CPU
		{620E8F25-59FD-4854-A112-E34658EBDFD0}.Release|x86.ActiveCfg = Release|Any CPU
		{620E8F25-59FD-4854-A112-E34658EBDFD0}.Release|x86.Build.0 = Release|Any CPU
		{1570E94C-497B-4581-80B7-F32BA3A9EFE7}.Debug|Any CPU.ActiveCfg = Debug|Any CPU
		{1570E94C-497B-4581-80B7-F32BA3A9EFE7}.Debug|Any CPU.Build.0 = Debug|Any CPU
		{1570E94C-497B-4581-80B7-F32BA3A9EFE7}.Debug|x86.ActiveCfg = Debug|Any CPU
		{1570E94C-497B-4581-80B7-F32BA3A9EFE7}.Debug|x86.Build.0 = Debug|Any CPU
		{1570E94C-497B-4581-80B7-F32BA3A9EFE7}.Demo|Any CPU.ActiveCfg = Debug|Any CPU
		{1570E94C-497B-4581-80B7-F32BA3A9EFE7}.Demo|Any CPU.Build.0 = Debug|Any CPU
		{1570E94C-497B-4581-80B7-F32BA3A9EFE7}.Demo|x86.ActiveCfg = Demo|Any CPU
		{1570E94C-497B-4581-80B7-F32BA3A9EFE7}.Demo|x86.Build.0 = Demo|Any CPU
		{1570E94C-497B-4581-80B7-F32BA3A9EFE7}.QA|Any CPU.ActiveCfg = Debug|Any CPU
		{1570E94C-497B-4581-80B7-F32BA3A9EFE7}.QA|Any CPU.Build.0 = Debug|Any CPU
		{1570E94C-497B-4581-80B7-F32BA3A9EFE7}.QA|x86.ActiveCfg = QA|Any CPU
		{1570E94C-497B-4581-80B7-F32BA3A9EFE7}.QA|x86.Build.0 = QA|Any CPU
		{1570E94C-497B-4581-80B7-F32BA3A9EFE7}.Release|Any CPU.ActiveCfg = Release|Any CPU
		{1570E94C-497B-4581-80B7-F32BA3A9EFE7}.Release|Any CPU.Build.0 = Release|Any CPU
		{1570E94C-497B-4581-80B7-F32BA3A9EFE7}.Release|x86.ActiveCfg = Release|Any CPU
		{1570E94C-497B-4581-80B7-F32BA3A9EFE7}.Release|x86.Build.0 = Release|Any CPU
		{E885A580-E156-4906-8978-41B59991EF01}.Debug|Any CPU.ActiveCfg = Debug|Any CPU
		{E885A580-E156-4906-8978-41B59991EF01}.Debug|Any CPU.Build.0 = Debug|Any CPU
		{E885A580-E156-4906-8978-41B59991EF01}.Debug|x86.ActiveCfg = Debug|Any CPU
		{E885A580-E156-4906-8978-41B59991EF01}.Debug|x86.Build.0 = Debug|Any CPU
		{E885A580-E156-4906-8978-41B59991EF01}.Demo|Any CPU.ActiveCfg = Debug|Any CPU
		{E885A580-E156-4906-8978-41B59991EF01}.Demo|Any CPU.Build.0 = Debug|Any CPU
		{E885A580-E156-4906-8978-41B59991EF01}.Demo|x86.ActiveCfg = Demo|Any CPU
		{E885A580-E156-4906-8978-41B59991EF01}.Demo|x86.Build.0 = Demo|Any CPU
		{E885A580-E156-4906-8978-41B59991EF01}.QA|Any CPU.ActiveCfg = Debug|Any CPU
		{E885A580-E156-4906-8978-41B59991EF01}.QA|Any CPU.Build.0 = Debug|Any CPU
		{E885A580-E156-4906-8978-41B59991EF01}.QA|x86.ActiveCfg = QA|Any CPU
		{E885A580-E156-4906-8978-41B59991EF01}.QA|x86.Build.0 = QA|Any CPU
		{E885A580-E156-4906-8978-41B59991EF01}.Release|Any CPU.ActiveCfg = Release|Any CPU
		{E885A580-E156-4906-8978-41B59991EF01}.Release|Any CPU.Build.0 = Release|Any CPU
		{E885A580-E156-4906-8978-41B59991EF01}.Release|x86.ActiveCfg = Release|Any CPU
		{E885A580-E156-4906-8978-41B59991EF01}.Release|x86.Build.0 = Release|Any CPU
		{F9CC1690-F519-4C76-A52B-78625BF288AC}.Debug|Any CPU.ActiveCfg = Debug|Any CPU
		{F9CC1690-F519-4C76-A52B-78625BF288AC}.Debug|Any CPU.Build.0 = Debug|Any CPU
		{F9CC1690-F519-4C76-A52B-78625BF288AC}.Debug|x86.ActiveCfg = Debug|Any CPU
		{F9CC1690-F519-4C76-A52B-78625BF288AC}.Debug|x86.Build.0 = Debug|Any CPU
		{F9CC1690-F519-4C76-A52B-78625BF288AC}.Demo|Any CPU.ActiveCfg = Debug|Any CPU
		{F9CC1690-F519-4C76-A52B-78625BF288AC}.Demo|Any CPU.Build.0 = Debug|Any CPU
		{F9CC1690-F519-4C76-A52B-78625BF288AC}.Demo|x86.ActiveCfg = Demo|Any CPU
		{F9CC1690-F519-4C76-A52B-78625BF288AC}.Demo|x86.Build.0 = Demo|Any CPU
		{F9CC1690-F519-4C76-A52B-78625BF288AC}.QA|Any CPU.ActiveCfg = Debug|Any CPU
		{F9CC1690-F519-4C76-A52B-78625BF288AC}.QA|Any CPU.Build.0 = Debug|Any CPU
		{F9CC1690-F519-4C76-A52B-78625BF288AC}.QA|x86.ActiveCfg = QA|Any CPU
		{F9CC1690-F519-4C76-A52B-78625BF288AC}.QA|x86.Build.0 = QA|Any CPU
		{F9CC1690-F519-4C76-A52B-78625BF288AC}.Release|Any CPU.ActiveCfg = Release|Any CPU
		{F9CC1690-F519-4C76-A52B-78625BF288AC}.Release|Any CPU.Build.0 = Release|Any CPU
		{F9CC1690-F519-4C76-A52B-78625BF288AC}.Release|x86.ActiveCfg = Release|Any CPU
		{F9CC1690-F519-4C76-A52B-78625BF288AC}.Release|x86.Build.0 = Release|Any CPU
		{A6A83D28-EB29-40AD-AB55-F6FBC8B735F6}.Debug|Any CPU.ActiveCfg = Debug|Any CPU
		{A6A83D28-EB29-40AD-AB55-F6FBC8B735F6}.Debug|Any CPU.Build.0 = Debug|Any CPU
		{A6A83D28-EB29-40AD-AB55-F6FBC8B735F6}.Debug|x86.ActiveCfg = Debug|Any CPU
		{A6A83D28-EB29-40AD-AB55-F6FBC8B735F6}.Debug|x86.Build.0 = Debug|Any CPU
		{A6A83D28-EB29-40AD-AB55-F6FBC8B735F6}.Demo|Any CPU.ActiveCfg = Debug|Any CPU
		{A6A83D28-EB29-40AD-AB55-F6FBC8B735F6}.Demo|Any CPU.Build.0 = Debug|Any CPU
		{A6A83D28-EB29-40AD-AB55-F6FBC8B735F6}.Demo|x86.ActiveCfg = Demo|Any CPU
		{A6A83D28-EB29-40AD-AB55-F6FBC8B735F6}.Demo|x86.Build.0 = Demo|Any CPU
		{A6A83D28-EB29-40AD-AB55-F6FBC8B735F6}.QA|Any CPU.ActiveCfg = Debug|Any CPU
		{A6A83D28-EB29-40AD-AB55-F6FBC8B735F6}.QA|Any CPU.Build.0 = Debug|Any CPU
		{A6A83D28-EB29-40AD-AB55-F6FBC8B735F6}.QA|x86.ActiveCfg = QA|Any CPU
		{A6A83D28-EB29-40AD-AB55-F6FBC8B735F6}.QA|x86.Build.0 = QA|Any CPU
		{A6A83D28-EB29-40AD-AB55-F6FBC8B735F6}.Release|Any CPU.ActiveCfg = Release|Any CPU
		{A6A83D28-EB29-40AD-AB55-F6FBC8B735F6}.Release|Any CPU.Build.0 = Release|Any CPU
		{A6A83D28-EB29-40AD-AB55-F6FBC8B735F6}.Release|x86.ActiveCfg = Release|Any CPU
		{A6A83D28-EB29-40AD-AB55-F6FBC8B735F6}.Release|x86.Build.0 = Release|Any CPU
		{35BD5D31-C805-4528-AA4E-855795AFE7AE}.Debug|Any CPU.ActiveCfg = Debug|Any CPU
		{35BD5D31-C805-4528-AA4E-855795AFE7AE}.Debug|Any CPU.Build.0 = Debug|Any CPU
		{35BD5D31-C805-4528-AA4E-855795AFE7AE}.Debug|x86.ActiveCfg = Debug|Any CPU
		{35BD5D31-C805-4528-AA4E-855795AFE7AE}.Debug|x86.Build.0 = Debug|Any CPU
		{35BD5D31-C805-4528-AA4E-855795AFE7AE}.Demo|Any CPU.ActiveCfg = Debug|Any CPU
		{35BD5D31-C805-4528-AA4E-855795AFE7AE}.Demo|Any CPU.Build.0 = Debug|Any CPU
		{35BD5D31-C805-4528-AA4E-855795AFE7AE}.Demo|x86.ActiveCfg = Demo|Any CPU
		{35BD5D31-C805-4528-AA4E-855795AFE7AE}.Demo|x86.Build.0 = Demo|Any CPU
		{35BD5D31-C805-4528-AA4E-855795AFE7AE}.QA|Any CPU.ActiveCfg = Debug|Any CPU
		{35BD5D31-C805-4528-AA4E-855795AFE7AE}.QA|Any CPU.Build.0 = Debug|Any CPU
		{35BD5D31-C805-4528-AA4E-855795AFE7AE}.QA|x86.ActiveCfg = QA|Any CPU
		{35BD5D31-C805-4528-AA4E-855795AFE7AE}.QA|x86.Build.0 = QA|Any CPU
		{35BD5D31-C805-4528-AA4E-855795AFE7AE}.Release|Any CPU.ActiveCfg = Release|Any CPU
		{35BD5D31-C805-4528-AA4E-855795AFE7AE}.Release|Any CPU.Build.0 = Release|Any CPU
		{35BD5D31-C805-4528-AA4E-855795AFE7AE}.Release|x86.ActiveCfg = Release|Any CPU
		{35BD5D31-C805-4528-AA4E-855795AFE7AE}.Release|x86.Build.0 = Release|Any CPU
		{ADC9CD98-AAD0-49C5-BF06-77F0A9BBA6D0}.Debug|Any CPU.ActiveCfg = Debug|Any CPU
		{ADC9CD98-AAD0-49C5-BF06-77F0A9BBA6D0}.Debug|Any CPU.Build.0 = Debug|Any CPU
		{ADC9CD98-AAD0-49C5-BF06-77F0A9BBA6D0}.Debug|x86.ActiveCfg = Debug|Any CPU
		{ADC9CD98-AAD0-49C5-BF06-77F0A9BBA6D0}.Debug|x86.Build.0 = Debug|Any CPU
		{ADC9CD98-AAD0-49C5-BF06-77F0A9BBA6D0}.Demo|Any CPU.ActiveCfg = Debug|Any CPU
		{ADC9CD98-AAD0-49C5-BF06-77F0A9BBA6D0}.Demo|Any CPU.Build.0 = Debug|Any CPU
		{ADC9CD98-AAD0-49C5-BF06-77F0A9BBA6D0}.Demo|x86.ActiveCfg = Demo|Any CPU
		{ADC9CD98-AAD0-49C5-BF06-77F0A9BBA6D0}.Demo|x86.Build.0 = Demo|Any CPU
		{ADC9CD98-AAD0-49C5-BF06-77F0A9BBA6D0}.QA|Any CPU.ActiveCfg = Debug|Any CPU
		{ADC9CD98-AAD0-49C5-BF06-77F0A9BBA6D0}.QA|Any CPU.Build.0 = Debug|Any CPU
		{ADC9CD98-AAD0-49C5-BF06-77F0A9BBA6D0}.QA|x86.ActiveCfg = QA|Any CPU
		{ADC9CD98-AAD0-49C5-BF06-77F0A9BBA6D0}.QA|x86.Build.0 = QA|Any CPU
		{ADC9CD98-AAD0-49C5-BF06-77F0A9BBA6D0}.Release|Any CPU.ActiveCfg = Release|Any CPU
		{ADC9CD98-AAD0-49C5-BF06-77F0A9BBA6D0}.Release|Any CPU.Build.0 = Release|Any CPU
		{ADC9CD98-AAD0-49C5-BF06-77F0A9BBA6D0}.Release|x86.ActiveCfg = Release|Any CPU
		{ADC9CD98-AAD0-49C5-BF06-77F0A9BBA6D0}.Release|x86.Build.0 = Release|Any CPU
		{B35699D8-1146-4F67-BAA1-000AF81FB776}.Debug|Any CPU.ActiveCfg = Debug|Any CPU
		{B35699D8-1146-4F67-BAA1-000AF81FB776}.Debug|Any CPU.Build.0 = Debug|Any CPU
		{B35699D8-1146-4F67-BAA1-000AF81FB776}.Debug|x86.ActiveCfg = Debug|Any CPU
		{B35699D8-1146-4F67-BAA1-000AF81FB776}.Debug|x86.Build.0 = Debug|Any CPU
		{B35699D8-1146-4F67-BAA1-000AF81FB776}.Demo|Any CPU.ActiveCfg = Debug|Any CPU
		{B35699D8-1146-4F67-BAA1-000AF81FB776}.Demo|Any CPU.Build.0 = Debug|Any CPU
		{B35699D8-1146-4F67-BAA1-000AF81FB776}.Demo|x86.ActiveCfg = Demo|Any CPU
		{B35699D8-1146-4F67-BAA1-000AF81FB776}.Demo|x86.Build.0 = Demo|Any CPU
		{B35699D8-1146-4F67-BAA1-000AF81FB776}.QA|Any CPU.ActiveCfg = Debug|Any CPU
		{B35699D8-1146-4F67-BAA1-000AF81FB776}.QA|Any CPU.Build.0 = Debug|Any CPU
		{B35699D8-1146-4F67-BAA1-000AF81FB776}.QA|x86.ActiveCfg = QA|Any CPU
		{B35699D8-1146-4F67-BAA1-000AF81FB776}.QA|x86.Build.0 = QA|Any CPU
		{B35699D8-1146-4F67-BAA1-000AF81FB776}.Release|Any CPU.ActiveCfg = Release|Any CPU
		{B35699D8-1146-4F67-BAA1-000AF81FB776}.Release|Any CPU.Build.0 = Release|Any CPU
		{B35699D8-1146-4F67-BAA1-000AF81FB776}.Release|x86.ActiveCfg = Release|Any CPU
		{B35699D8-1146-4F67-BAA1-000AF81FB776}.Release|x86.Build.0 = Release|Any CPU
		{82CC723A-6CB8-41F8-8949-90BFF202F27A}.Debug|Any CPU.ActiveCfg = Debug|Any CPU
		{82CC723A-6CB8-41F8-8949-90BFF202F27A}.Debug|Any CPU.Build.0 = Debug|Any CPU
		{82CC723A-6CB8-41F8-8949-90BFF202F27A}.Debug|x86.ActiveCfg = Debug|Any CPU
		{82CC723A-6CB8-41F8-8949-90BFF202F27A}.Debug|x86.Build.0 = Debug|Any CPU
		{82CC723A-6CB8-41F8-8949-90BFF202F27A}.Demo|Any CPU.ActiveCfg = Debug|Any CPU
		{82CC723A-6CB8-41F8-8949-90BFF202F27A}.Demo|Any CPU.Build.0 = Debug|Any CPU
		{82CC723A-6CB8-41F8-8949-90BFF202F27A}.Demo|x86.ActiveCfg = Demo|Any CPU
		{82CC723A-6CB8-41F8-8949-90BFF202F27A}.Demo|x86.Build.0 = Demo|Any CPU
		{82CC723A-6CB8-41F8-8949-90BFF202F27A}.QA|Any CPU.ActiveCfg = Debug|Any CPU
		{82CC723A-6CB8-41F8-8949-90BFF202F27A}.QA|Any CPU.Build.0 = Debug|Any CPU
		{82CC723A-6CB8-41F8-8949-90BFF202F27A}.QA|x86.ActiveCfg = QA|Any CPU
		{82CC723A-6CB8-41F8-8949-90BFF202F27A}.QA|x86.Build.0 = QA|Any CPU
		{82CC723A-6CB8-41F8-8949-90BFF202F27A}.Release|Any CPU.ActiveCfg = Release|Any CPU
		{82CC723A-6CB8-41F8-8949-90BFF202F27A}.Release|Any CPU.Build.0 = Release|Any CPU
		{82CC723A-6CB8-41F8-8949-90BFF202F27A}.Release|x86.ActiveCfg = Release|Any CPU
		{82CC723A-6CB8-41F8-8949-90BFF202F27A}.Release|x86.Build.0 = Release|Any CPU
		{C9003E80-9E76-4021-A6B9-F71849EACB0C}.Debug|Any CPU.ActiveCfg = Debug|Any CPU
		{C9003E80-9E76-4021-A6B9-F71849EACB0C}.Debug|Any CPU.Build.0 = Debug|Any CPU
		{C9003E80-9E76-4021-A6B9-F71849EACB0C}.Debug|x86.ActiveCfg = Debug|Any CPU
		{C9003E80-9E76-4021-A6B9-F71849EACB0C}.Debug|x86.Build.0 = Debug|Any CPU
		{C9003E80-9E76-4021-A6B9-F71849EACB0C}.Demo|Any CPU.ActiveCfg = Debug|Any CPU
		{C9003E80-9E76-4021-A6B9-F71849EACB0C}.Demo|Any CPU.Build.0 = Debug|Any CPU
		{C9003E80-9E76-4021-A6B9-F71849EACB0C}.Demo|x86.ActiveCfg = Demo|Any CPU
		{C9003E80-9E76-4021-A6B9-F71849EACB0C}.Demo|x86.Build.0 = Demo|Any CPU
		{C9003E80-9E76-4021-A6B9-F71849EACB0C}.QA|Any CPU.ActiveCfg = Debug|Any CPU
		{C9003E80-9E76-4021-A6B9-F71849EACB0C}.QA|Any CPU.Build.0 = Debug|Any CPU
		{C9003E80-9E76-4021-A6B9-F71849EACB0C}.QA|x86.ActiveCfg = QA|Any CPU
		{C9003E80-9E76-4021-A6B9-F71849EACB0C}.QA|x86.Build.0 = QA|Any CPU
		{C9003E80-9E76-4021-A6B9-F71849EACB0C}.Release|Any CPU.ActiveCfg = Release|Any CPU
		{C9003E80-9E76-4021-A6B9-F71849EACB0C}.Release|Any CPU.Build.0 = Release|Any CPU
		{C9003E80-9E76-4021-A6B9-F71849EACB0C}.Release|x86.ActiveCfg = Release|Any CPU
		{C9003E80-9E76-4021-A6B9-F71849EACB0C}.Release|x86.Build.0 = Release|Any CPU
		{0361032E-D57F-4110-ABED-1E1E770F65F9}.Debug|Any CPU.ActiveCfg = Debug|Any CPU
		{0361032E-D57F-4110-ABED-1E1E770F65F9}.Debug|Any CPU.Build.0 = Debug|Any CPU
		{0361032E-D57F-4110-ABED-1E1E770F65F9}.Debug|x86.ActiveCfg = Debug|Any CPU
		{0361032E-D57F-4110-ABED-1E1E770F65F9}.Debug|x86.Build.0 = Debug|Any CPU
		{0361032E-D57F-4110-ABED-1E1E770F65F9}.Demo|Any CPU.ActiveCfg = Debug|Any CPU
		{0361032E-D57F-4110-ABED-1E1E770F65F9}.Demo|Any CPU.Build.0 = Debug|Any CPU
		{0361032E-D57F-4110-ABED-1E1E770F65F9}.Demo|x86.ActiveCfg = Demo|Any CPU
		{0361032E-D57F-4110-ABED-1E1E770F65F9}.Demo|x86.Build.0 = Demo|Any CPU
		{0361032E-D57F-4110-ABED-1E1E770F65F9}.QA|Any CPU.ActiveCfg = Debug|Any CPU
		{0361032E-D57F-4110-ABED-1E1E770F65F9}.QA|Any CPU.Build.0 = Debug|Any CPU
		{0361032E-D57F-4110-ABED-1E1E770F65F9}.QA|x86.ActiveCfg = QA|Any CPU
		{0361032E-D57F-4110-ABED-1E1E770F65F9}.QA|x86.Build.0 = QA|Any CPU
		{0361032E-D57F-4110-ABED-1E1E770F65F9}.Release|Any CPU.ActiveCfg = Release|Any CPU
		{0361032E-D57F-4110-ABED-1E1E770F65F9}.Release|Any CPU.Build.0 = Release|Any CPU
		{0361032E-D57F-4110-ABED-1E1E770F65F9}.Release|x86.ActiveCfg = Release|Any CPU
		{0361032E-D57F-4110-ABED-1E1E770F65F9}.Release|x86.Build.0 = Release|Any CPU
		{5CF3D386-2FA0-4B2C-BB95-81A8E36C508E}.Debug|Any CPU.ActiveCfg = Debug|Any CPU
		{5CF3D386-2FA0-4B2C-BB95-81A8E36C508E}.Debug|Any CPU.Build.0 = Debug|Any CPU
		{5CF3D386-2FA0-4B2C-BB95-81A8E36C508E}.Debug|x86.ActiveCfg = Debug|Any CPU
		{5CF3D386-2FA0-4B2C-BB95-81A8E36C508E}.Debug|x86.Build.0 = Debug|Any CPU
		{5CF3D386-2FA0-4B2C-BB95-81A8E36C508E}.Demo|Any CPU.ActiveCfg = Debug|Any CPU
		{5CF3D386-2FA0-4B2C-BB95-81A8E36C508E}.Demo|Any CPU.Build.0 = Debug|Any CPU
		{5CF3D386-2FA0-4B2C-BB95-81A8E36C508E}.Demo|x86.ActiveCfg = Demo|Any CPU
		{5CF3D386-2FA0-4B2C-BB95-81A8E36C508E}.Demo|x86.Build.0 = Demo|Any CPU
		{5CF3D386-2FA0-4B2C-BB95-81A8E36C508E}.QA|Any CPU.ActiveCfg = Debug|Any CPU
		{5CF3D386-2FA0-4B2C-BB95-81A8E36C508E}.QA|Any CPU.Build.0 = Debug|Any CPU
		{5CF3D386-2FA0-4B2C-BB95-81A8E36C508E}.QA|x86.ActiveCfg = QA|Any CPU
		{5CF3D386-2FA0-4B2C-BB95-81A8E36C508E}.QA|x86.Build.0 = QA|Any CPU
		{5CF3D386-2FA0-4B2C-BB95-81A8E36C508E}.Release|Any CPU.ActiveCfg = Release|Any CPU
		{5CF3D386-2FA0-4B2C-BB95-81A8E36C508E}.Release|Any CPU.Build.0 = Release|Any CPU
		{5CF3D386-2FA0-4B2C-BB95-81A8E36C508E}.Release|x86.ActiveCfg = Release|Any CPU
		{5CF3D386-2FA0-4B2C-BB95-81A8E36C508E}.Release|x86.Build.0 = Release|Any CPU
		{5EBF6A1E-6A6C-4C22-926E-78CF14C64D54}.Debug|Any CPU.ActiveCfg = Debug|Any CPU
		{5EBF6A1E-6A6C-4C22-926E-78CF14C64D54}.Debug|Any CPU.Build.0 = Debug|Any CPU
		{5EBF6A1E-6A6C-4C22-926E-78CF14C64D54}.Debug|x86.ActiveCfg = Debug|Any CPU
		{5EBF6A1E-6A6C-4C22-926E-78CF14C64D54}.Debug|x86.Build.0 = Debug|Any CPU
		{5EBF6A1E-6A6C-4C22-926E-78CF14C64D54}.Demo|Any CPU.ActiveCfg = Debug|Any CPU
		{5EBF6A1E-6A6C-4C22-926E-78CF14C64D54}.Demo|Any CPU.Build.0 = Debug|Any CPU
		{5EBF6A1E-6A6C-4C22-926E-78CF14C64D54}.Demo|x86.ActiveCfg = Demo|Any CPU
		{5EBF6A1E-6A6C-4C22-926E-78CF14C64D54}.Demo|x86.Build.0 = Demo|Any CPU
		{5EBF6A1E-6A6C-4C22-926E-78CF14C64D54}.QA|Any CPU.ActiveCfg = Debug|Any CPU
		{5EBF6A1E-6A6C-4C22-926E-78CF14C64D54}.QA|Any CPU.Build.0 = Debug|Any CPU
		{5EBF6A1E-6A6C-4C22-926E-78CF14C64D54}.QA|x86.ActiveCfg = QA|Any CPU
		{5EBF6A1E-6A6C-4C22-926E-78CF14C64D54}.QA|x86.Build.0 = QA|Any CPU
		{5EBF6A1E-6A6C-4C22-926E-78CF14C64D54}.Release|Any CPU.ActiveCfg = Release|Any CPU
		{5EBF6A1E-6A6C-4C22-926E-78CF14C64D54}.Release|Any CPU.Build.0 = Release|Any CPU
		{5EBF6A1E-6A6C-4C22-926E-78CF14C64D54}.Release|x86.ActiveCfg = Release|Any CPU
		{5EBF6A1E-6A6C-4C22-926E-78CF14C64D54}.Release|x86.Build.0 = Release|Any CPU
		{8D4A0956-2547-4190-A95F-CCE130301EC7}.Debug|Any CPU.ActiveCfg = Debug|Any CPU
		{8D4A0956-2547-4190-A95F-CCE130301EC7}.Debug|Any CPU.Build.0 = Debug|Any CPU
		{8D4A0956-2547-4190-A95F-CCE130301EC7}.Debug|x86.ActiveCfg = Debug|Any CPU
		{8D4A0956-2547-4190-A95F-CCE130301EC7}.Debug|x86.Build.0 = Debug|Any CPU
		{8D4A0956-2547-4190-A95F-CCE130301EC7}.Demo|Any CPU.ActiveCfg = Debug|Any CPU
		{8D4A0956-2547-4190-A95F-CCE130301EC7}.Demo|Any CPU.Build.0 = Debug|Any CPU
		{8D4A0956-2547-4190-A95F-CCE130301EC7}.Demo|x86.ActiveCfg = Demo|Any CPU
		{8D4A0956-2547-4190-A95F-CCE130301EC7}.Demo|x86.Build.0 = Demo|Any CPU
		{8D4A0956-2547-4190-A95F-CCE130301EC7}.QA|Any CPU.ActiveCfg = Debug|Any CPU
		{8D4A0956-2547-4190-A95F-CCE130301EC7}.QA|Any CPU.Build.0 = Debug|Any CPU
		{8D4A0956-2547-4190-A95F-CCE130301EC7}.QA|x86.ActiveCfg = QA|Any CPU
		{8D4A0956-2547-4190-A95F-CCE130301EC7}.QA|x86.Build.0 = QA|Any CPU
		{8D4A0956-2547-4190-A95F-CCE130301EC7}.Release|Any CPU.ActiveCfg = Release|Any CPU
		{8D4A0956-2547-4190-A95F-CCE130301EC7}.Release|Any CPU.Build.0 = Release|Any CPU
		{8D4A0956-2547-4190-A95F-CCE130301EC7}.Release|x86.ActiveCfg = Release|Any CPU
		{8D4A0956-2547-4190-A95F-CCE130301EC7}.Release|x86.Build.0 = Release|Any CPU
		{CD863872-0067-452E-8B42-B0DE2F6BDD8A}.Debug|Any CPU.ActiveCfg = Debug|Any CPU
		{CD863872-0067-452E-8B42-B0DE2F6BDD8A}.Debug|Any CPU.Build.0 = Debug|Any CPU
		{CD863872-0067-452E-8B42-B0DE2F6BDD8A}.Debug|x86.ActiveCfg = Debug|Any CPU
		{CD863872-0067-452E-8B42-B0DE2F6BDD8A}.Debug|x86.Build.0 = Debug|Any CPU
		{CD863872-0067-452E-8B42-B0DE2F6BDD8A}.Demo|Any CPU.ActiveCfg = Debug|Any CPU
		{CD863872-0067-452E-8B42-B0DE2F6BDD8A}.Demo|Any CPU.Build.0 = Debug|Any CPU
		{CD863872-0067-452E-8B42-B0DE2F6BDD8A}.Demo|x86.ActiveCfg = Debug|Any CPU
		{CD863872-0067-452E-8B42-B0DE2F6BDD8A}.Demo|x86.Build.0 = Debug|Any CPU
		{CD863872-0067-452E-8B42-B0DE2F6BDD8A}.QA|Any CPU.ActiveCfg = Debug|Any CPU
		{CD863872-0067-452E-8B42-B0DE2F6BDD8A}.QA|Any CPU.Build.0 = Debug|Any CPU
		{CD863872-0067-452E-8B42-B0DE2F6BDD8A}.QA|x86.ActiveCfg = Debug|Any CPU
		{CD863872-0067-452E-8B42-B0DE2F6BDD8A}.QA|x86.Build.0 = Debug|Any CPU
		{CD863872-0067-452E-8B42-B0DE2F6BDD8A}.Release|Any CPU.ActiveCfg = Release|Any CPU
		{CD863872-0067-452E-8B42-B0DE2F6BDD8A}.Release|Any CPU.Build.0 = Release|Any CPU
		{CD863872-0067-452E-8B42-B0DE2F6BDD8A}.Release|x86.ActiveCfg = Release|Any CPU
		{CD863872-0067-452E-8B42-B0DE2F6BDD8A}.Release|x86.Build.0 = Release|Any CPU
	EndGlobalSection
	GlobalSection(SolutionProperties) = preSolution
		HideSolutionNode = FALSE
	EndGlobalSection
	GlobalSection(NestedProjects) = preSolution
		{0E7E9ED7-37D5-4769-AE8D-E1CB5A76CD1E} = {D1FD0EFD-2121-4101-A8CB-4EC8CAA5C014}
		{1ED61666-43A6-420B-9F1E-C587B88794A8} = {D1FD0EFD-2121-4101-A8CB-4EC8CAA5C014}
		{620E8F25-59FD-4854-A112-E34658EBDFD0} = {D1FD0EFD-2121-4101-A8CB-4EC8CAA5C014}
		{E885A580-E156-4906-8978-41B59991EF01} = {D1FD0EFD-2121-4101-A8CB-4EC8CAA5C014}
		{F9CC1690-F519-4C76-A52B-78625BF288AC} = {D1FD0EFD-2121-4101-A8CB-4EC8CAA5C014}
		{35BD5D31-C805-4528-AA4E-855795AFE7AE} = {424A8967-E655-42CB-A88A-B30251FB0ACB}
		{B35699D8-1146-4F67-BAA1-000AF81FB776} = {D1FD0EFD-2121-4101-A8CB-4EC8CAA5C014}
		{D70D30D5-2A3F-49C7-AB77-97982F483540} = {D1FD0EFD-2121-4101-A8CB-4EC8CAA5C014}
		{C9003E80-9E76-4021-A6B9-F71849EACB0C} = {D1FD0EFD-2121-4101-A8CB-4EC8CAA5C014}
		{0361032E-D57F-4110-ABED-1E1E770F65F9} = {D1FD0EFD-2121-4101-A8CB-4EC8CAA5C014}
		{5CF3D386-2FA0-4B2C-BB95-81A8E36C508E} = {D1FD0EFD-2121-4101-A8CB-4EC8CAA5C014}
		{172D0CC1-C8DC-4114-BEFF-4FCC02FAD0C3} = {D1FD0EFD-2121-4101-A8CB-4EC8CAA5C014}
		{FFE74E77-D969-46AD-AC64-304FD0DB2700} = {172D0CC1-C8DC-4114-BEFF-4FCC02FAD0C3}
		{CD863872-0067-452E-8B42-B0DE2F6BDD8A} = {D1FD0EFD-2121-4101-A8CB-4EC8CAA5C014}
	EndGlobalSection
	GlobalSection(ExtensibilityGlobals) = postSolution
		SolutionGuid = {E93C1F16-1455-4B76-9D13-3EBB5AF127BD}
	EndGlobalSection
EndGlobal
